
Microsoft Visual Studio Solution File, Format Version 12.00
# Visual Studio Version 17
VisualStudioVersion = 17.0.31903.59
MinimumVisualStudioVersion = 10.0.40219.1
Project("{2150E333-8FDC-42A3-9474-1A3956D46DE8}") = "src", "src", "{827E0CD3-B72D-47B6-A68D-7590B98EB39B}"
EndProject
Project("{FAE04EC0-301F-11D3-BF4B-00C04F79EFBC}") = "ApiForge.Core", "src\ApiForge.Core\ApiForge.Core.csproj", "{67233A9D-0068-434F-9D69-61AF59171003}"
EndProject
Project("{FAE04EC0-301F-11D3-BF4B-00C04F79EFBC}") = "ApiForge.Infrastructure", "src\ApiForge.Infrastructure\ApiForge.Infrastructure.csproj", "{A772A22B-78B9-429C-B478-5FD098D4B708}"
EndProject
Project("{FAE04EC0-301F-11D3-BF4B-00C04F79EFBC}") = "ApiForge.Api", "src\ApiForge.Api\ApiForge.Api.csproj", "{993B05EF-6A05-461B-902A-D2D69611F945}"
EndProject
Project("{2150E333-8FDC-42A3-9474-1A3956D46DE8}") = "tests", "tests", "{0AB3BF05-4346-4AA6-1389-037BE0695223}"
EndProject
Project("{FAE04EC0-301F-11D3-BF4B-00C04F79EFBC}") = "ApiForge.UnitTests", "tests\ApiForge.UnitTests\ApiForge.UnitTests.csproj", "{A8E5F0EA-69C7-47AF-90CF-6D9CFBFEE377}"
EndProject
Project("{FAE04EC0-301F-11D3-BF4B-00C04F79EFBC}") = "ApiForge.ApiTests", "tests\ApiForge.ApiTests\ApiForge.ApiTests.csproj", "{2891967D-758C-4540-9CD3-4E98D575FD60}"
EndProject
Global
	GlobalSection(SolutionConfigurationPlatforms) = preSolution
		Debug|Any CPU = Debug|Any CPU
		Debug|x64 = Debug|x64
		Debug|x86 = Debug|x86
		Release|Any CPU = Release|Any CPU
		Release|x64 = Release|x64
		Release|x86 = Release|x86
	EndGlobalSection
	GlobalSection(ProjectConfigurationPlatforms) = postSolution
		{67233A9D-0068-434F-9D69-61AF59171003}.Debug|Any CPU.ActiveCfg = Debug|Any CPU
		{67233A9D-0068-434F-9D69-61AF59171003}.Debug|Any CPU.Build.0 = Debug|Any CPU
		{67233A9D-0068-434F-9D69-61AF59171003}.Debug|x64.ActiveCfg = Debug|Any CPU
		{67233A9D-0068-434F-9D69-61AF59171003}.Debug|x64.Build.0 = Debug|Any CPU
		{67233A9D-0068-434F-9D69-61AF59171003}.Debug|x86.ActiveCfg = Debug|Any CPU
		{67233A9D-0068-434F-9D69-61AF59171003}.Debug|x86.Build.0 = Debug|Any CPU
		{67233A9D-0068-434F-9D69-61AF59171003}.Release|Any CPU.ActiveCfg = Release|Any CPU
		{67233A9D-0068-434F-9D69-61AF59171003}.Release|Any CPU.Build.0 = Release|Any CPU
		{67233A9D-0068-434F-9D69-61AF59171003}.Release|x64.ActiveCfg = Release|Any CPU
		{67233A9D-0068-434F-9D69-61AF59171003}.Release|x64.Build.0 = Release|Any CPU
		{67233A9D-0068-434F-9D69-61AF59171003}.Release|x86.ActiveCfg = Release|Any CPU
		{67233A9D-0068-434F-9D69-61AF59171003}.Release|x86.Build.0 = Release|Any CPU
		{A772A22B-78B9-429C-B478-5FD098D4B708}.Debug|Any CPU.ActiveCfg = Debug|Any CPU
		{A772A22B-78B9-429C-B478-5FD098D4B708}.Debug|Any CPU.Build.0 = Debug|Any CPU
		{A772A22B-78B9-429C-B478-5FD098D4B708}.Debug|x64.ActiveCfg = Debug|Any CPU
		{A772A22B-78B9-429C-B478-5FD098D4B708}.Debug|x64.Build.0 = Debug|Any CPU
		{A772A22B-78B9-429C-B478-5FD098D4B708}.Debug|x86.ActiveCfg = Debug|Any CPU
		{A772A22B-78B9-429C-B478-5FD098D4B708}.Debug|x86.Build.0 = Debug|Any CPU
		{A772A22B-78B9-429C-B478-5FD098D4B708}.Release|Any CPU.ActiveCfg = Release|Any CPU
		{A772A22B-78B9-429C-B478-5FD098D4B708}.Release|Any CPU.Build.0 = Release|Any CPU
		{A772A22B-78B9-429C-B478-5FD098D4B708}.Release|x64.ActiveCfg = Release|Any CPU
		{A772A22B-78B9-429C-B478-5FD098D4B708}.Release|x64.Build.0 = Release|Any CPU
		{A772A22B-78B9-429C-B478-5FD098D4B708}.Release|x86.ActiveCfg = Release|Any CPU
		{A772A22B-78B9-429C-B478-5FD098D4B708}.Release|x86.Build.0 = Release|Any CPU
		{993B05EF-6A05-461B-902A-D2D69611F945}.Debug|Any CPU.ActiveCfg = Debug|Any CPU
		{993B05EF-6A05-461B-902A-D2D69611F945}.Debug|Any CPU.Build.0 = Debug|Any CPU
		{993B05EF-6A05-461B-902A-D2D69611F945}.Debug|x64.ActiveCfg = Debug|Any CPU
		{993B05EF-6A05-461B-902A-D2D69611F945}.Debug|x64.Build.0 = Debug|Any CPU
		{993B05EF-6A05-461B-902A-D2D69611F945}.Debug|x86.ActiveCfg = Debug|Any CPU
		{993B05EF-6A05-461B-902A-D2D69611F945}.Debug|x86.Build.0 = Debug|Any CPU
		{993B05EF-6A05-461B-902A-D2D69611F945}.Release|Any CPU.ActiveCfg = Release|Any CPU
		{993B05EF-6A05-461B-902A-D2D69611F945}.Release|Any CPU.Build.0 = Release|Any CPU
		{993B05EF-6A05-461B-902A-D2D69611F945}.Release|x64.ActiveCfg = Release|Any CPU
		{993B05EF-6A05-461B-902A-D2D69611F945}.Release|x64.Build.0 = Release|Any CPU
		{993B05EF-6A05-461B-902A-D2D69611F945}.Release|x86.ActiveCfg = Release|Any CPU
		{993B05EF-6A05-461B-902A-D2D69611F945}.Release|x86.Build.0 = Release|Any CPU
		{A8E5F0EA-69C7-47AF-90CF-6D9CFBFEE377}.Debug|Any CPU.ActiveCfg = Debug|Any CPU
		{A8E5F0EA-69C7-47AF-90CF-6D9CFBFEE377}.Debug|Any CPU.Build.0 = Debug|Any CPU
		{A8E5F0EA-69C7-47AF-90CF-6D9CFBFEE377}.Debug|x64.ActiveCfg = Debug|Any CPU
		{A8E5F0EA-69C7-47AF-90CF-6D9CFBFEE377}.Debug|x64.Build.0 = Debug|Any CPU
		{A8E5F0EA-69C7-47AF-90CF-6D9CFBFEE377}.Debug|x86.ActiveCfg = Debug|Any CPU
		{A8E5F0EA-69C7-47AF-90CF-6D9CFBFEE377}.Debug|x86.Build.0 = Debug|Any CPU
		{A8E5F0EA-69C7-47AF-90CF-6D9CFBFEE377}.Release|Any CPU.ActiveCfg = Release|Any CPU
		{A8E5F0EA-69C7-47AF-90CF-6D9CFBFEE377}.Release|Any CPU.Build.0 = Release|Any CPU
		{A8E5F0EA-69C7-47AF-90CF-6D9CFBFEE377}.Release|x64.ActiveCfg = Release|Any CPU
		{A8E5F0EA-69C7-47AF-90CF-6D9CFBFEE377}.Release|x64.Build.0 = Release|Any CPU
		{A8E5F0EA-69C7-47AF-90CF-6D9CFBFEE377}.Release|x86.ActiveCfg = Release|Any CPU
		{A8E5F0EA-69C7-47AF-90CF-6D9CFBFEE377}.Release|x86.Build.0 = Release|Any CPU
		{2891967D-758C-4540-9CD3-4E98D575FD60}.Debug|Any CPU.ActiveCfg = Debug|Any CPU
		{2891967D-758C-4540-9CD3-4E98D575FD60}.Debug|Any CPU.Build.0 = Debug|Any CPU
		{2891967D-758C-4540-9CD3-4E98D575FD60}.Debug|x64.ActiveCfg = Debug|Any CPU
		{2891967D-758C-4540-9CD3-4E98D575FD60}.Debug|x64.Build.0 = Debug|Any CPU
		{2891967D-758C-4540-9CD3-4E98D575FD60}.Debug|x86.ActiveCfg = Debug|Any CPU
		{2891967D-758C-4540-9CD3-4E98D575FD60}.Debug|x86.Build.0 = Debug|Any CPU
		{2891967D-758C-4540-9CD3-4E98D575FD60}.Release|Any CPU.ActiveCfg = Release|Any CPU
		{2891967D-758C-4540-9CD3-4E98D575FD60}.Release|Any CPU.Build.0 = Release|Any CPU
		{2891967D-758C-4540-9CD3-4E98D575FD60}.Release|x64.ActiveCfg = Release|Any CPU
		{2891967D-758C-4540-9CD3-4E98D575FD60}.Release|x64.Build.0 = Release|Any CPU
		{2891967D-758C-4540-9CD3-4E98D575FD60}.Release|x86.ActiveCfg = Release|Any CPU
		{2891967D-758C-4540-9CD3-4E98D575FD60}.Release|x86.Build.0 = Release|Any CPU
	EndGlobalSection
	GlobalSection(SolutionProperties) = preSolution
		HideSolutionNode = FALSE
	EndGlobalSection
	GlobalSection(NestedProjects) = preSolution
		{67233A9D-0068-434F-9D69-61AF59171003} = {827E0CD3-B72D-47B6-A68D-7590B98EB39B}
		{A772A22B-78B9-429C-B478-5FD098D4B708} = {827E0CD3-B72D-47B6-A68D-7590B98EB39B}
		{993B05EF-6A05-461B-902A-D2D69611F945} = {827E0CD3-B72D-47B6-A68D-7590B98EB39B}
		{A8E5F0EA-69C7-47AF-90CF-6D9CFBFEE377} = {0AB3BF05-4346-4AA6-1389-037BE0695223}
		{2891967D-758C-4540-9CD3-4E98D575FD60} = {0AB3BF05-4346-4AA6-1389-037BE0695223}
	EndGlobalSection
EndGlobal
